// !$*UTF8*$!
{
	archiveVersion = 1;
	classes = {
	};
	objectVersion = 77;
	objects = {

/* Begin PBXBuildFile section */
		FC3A795D2CCF7DDA00B66608 /* TimerApp Watch App.app in Embed Watch Content */ = {isa = PBXBuildFile; fileRef = FC3A795C2CCF7DDA00B66608 /* TimerApp Watch App.app */; settings = {ATTRIBUTES = (RemoveHeadersOnCopy, ); }; };
/* End PBXBuildFile section */

/* Begin PBXContainerItemProxy section */
		FC3A795E2CCF7DDA00B66608 /* PBXContainerItemProxy */ = {
			isa = PBXContainerItemProxy;
			containerPortal = FC3A79502CCF7DDA00B66608 /* Project object */;
			proxyType = 1;
			remoteGlobalIDString = FC3A795B2CCF7DDA00B66608;
			remoteInfo = "TimerApp Watch App";
		};
		FC3A796F2CCF7DDB00B66608 /* PBXContainerItemProxy */ = {
			isa = PBXContainerItemProxy;
			containerPortal = FC3A79502CCF7DDA00B66608 /* Project object */;
			proxyType = 1;
			remoteGlobalIDString = FC3A795B2CCF7DDA00B66608;
			remoteInfo = "TimerApp Watch App";
		};
		FC3A79792CCF7DDB00B66608 /* PBXContainerItemProxy */ = {
			isa = PBXContainerItemProxy;
			containerPortal = FC3A79502CCF7DDA00B66608 /* Project object */;
			proxyType = 1;
			remoteGlobalIDString = FC3A795B2CCF7DDA00B66608;
			remoteInfo = "TimerApp Watch App";
		};
/* End PBXContainerItemProxy section */

/* Begin PBXCopyFilesBuildPhase section */
		FC3A79852CCF7DDB00B66608 /* Embed Watch Content */ = {
			isa = PBXCopyFilesBuildPhase;
			buildActionMask = 2147483647;
			dstPath = "$(CONTENTS_FOLDER_PATH)/Watch";
			dstSubfolderSpec = 16;
			files = (
				FC3A795D2CCF7DDA00B66608 /* TimerApp Watch App.app in Embed Watch Content */,
			);
			name = "Embed Watch Content";
			runOnlyForDeploymentPostprocessing = 0;
		};
/* End PBXCopyFilesBuildPhase section */

/* Begin PBXFileReference section */
		FC3A79562CCF7DDA00B66608 /* TimerApp.app */ = {isa = PBXFileReference; explicitFileType = wrapper.application; includeInIndex = 0; path = TimerApp.app; sourceTree = BUILT_PRODUCTS_DIR; };
		FC3A795C2CCF7DDA00B66608 /* TimerApp Watch App.app */ = {isa = PBXFileReference; explicitFileType = wrapper.application; includeInIndex = 0; path = "TimerApp Watch App.app"; sourceTree = BUILT_PRODUCTS_DIR; };
		FC3A796E2CCF7DDB00B66608 /* TimerApp Watch AppTests.xctest */ = {isa = PBXFileReference; explicitFileType = wrapper.cfbundle; includeInIndex = 0; path = "TimerApp Watch AppTests.xctest"; sourceTree = BUILT_PRODUCTS_DIR; };
		FC3A79782CCF7DDB00B66608 /* TimerApp Watch AppUITests.xctest */ = {isa = PBXFileReference; explicitFileType = wrapper.cfbundle; includeInIndex = 0; path = "TimerApp Watch AppUITests.xctest"; sourceTree = BUILT_PRODUCTS_DIR; };
/* End PBXFileReference section */

/* Begin PBXFileSystemSynchronizedRootGroup section */
		FC3A79602CCF7DDA00B66608 /* TimerApp Watch App */ = {
			isa = PBXFileSystemSynchronizedRootGroup;
			path = "TimerApp Watch App";
			sourceTree = "<group>";
		};
		FC3A79712CCF7DDB00B66608 /* TimerApp Watch AppTests */ = {
			isa = PBXFileSystemSynchronizedRootGroup;
			path = "TimerApp Watch AppTests";
			sourceTree = "<group>";
		};
		FC3A797B2CCF7DDB00B66608 /* TimerApp Watch AppUITests */ = {
			isa = PBXFileSystemSynchronizedRootGroup;
			path = "TimerApp Watch AppUITests";
			sourceTree = "<group>";
		};
/* End PBXFileSystemSynchronizedRootGroup section */

/* Begin PBXFrameworksBuildPhase section */
		FC3A79592CCF7DDA00B66608 /* Frameworks */ = {
			isa = PBXFrameworksBuildPhase;
			buildActionMask = 2147483647;
			files = (
			);
			runOnlyForDeploymentPostprocessing = 0;
		};
		FC3A796B2CCF7DDB00B66608 /* Frameworks */ = {
			isa = PBXFrameworksBuildPhase;
			buildActionMask = 2147483647;
			files = (
			);
			runOnlyForDeploymentPostprocessing = 0;
		};
		FC3A79752CCF7DDB00B66608 /* Frameworks */ = {
			isa = PBXFrameworksBuildPhase;
			buildActionMask = 2147483647;
			files = (
			);
			runOnlyForDeploymentPostprocessing = 0;
		};
/* End PBXFrameworksBuildPhase section */

/* Begin PBXGroup section */
		FC3A794F2CCF7DDA00B66608 = {
			isa = PBXGroup;
			children = (
				FC3A79602CCF7DDA00B66608 /* TimerApp Watch App */,
				FC3A79712CCF7DDB00B66608 /* TimerApp Watch AppTests */,
				FC3A797B2CCF7DDB00B66608 /* TimerApp Watch AppUITests */,
				FC3A79572CCF7DDA00B66608 /* Products */,
			);
			sourceTree = "<group>";
		};
		FC3A79572CCF7DDA00B66608 /* Products */ = {
			isa = PBXGroup;
			children = (
				FC3A79562CCF7DDA00B66608 /* TimerApp.app */,
				FC3A795C2CCF7DDA00B66608 /* TimerApp Watch App.app */,
				FC3A796E2CCF7DDB00B66608 /* TimerApp Watch AppTests.xctest */,
				FC3A79782CCF7DDB00B66608 /* TimerApp Watch AppUITests.xctest */,
			);
			name = Products;
			sourceTree = "<group>";
		};
/* End PBXGroup section */

/* Begin PBXNativeTarget section */
		FC3A79552CCF7DDA00B66608 /* TimerApp */ = {
			isa = PBXNativeTarget;
			buildConfigurationList = FC3A79862CCF7DDB00B66608 /* Build configuration list for PBXNativeTarget "TimerApp" */;
			buildPhases = (
				FC3A79542CCF7DDA00B66608 /* Resources */,
				FC3A79852CCF7DDB00B66608 /* Embed Watch Content */,
			);
			buildRules = (
			);
			dependencies = (
				FC3A795F2CCF7DDA00B66608 /* PBXTargetDependency */,
			);
			name = TimerApp;
			packageProductDependencies = (
			);
			productName = TimerApp;
			productReference = FC3A79562CCF7DDA00B66608 /* TimerApp.app */;
			productType = "com.apple.product-type.application.watchapp2-container";
		};
		FC3A795B2CCF7DDA00B66608 /* TimerApp Watch App */ = {
			isa = PBXNativeTarget;
			buildConfigurationList = FC3A79822CCF7DDB00B66608 /* Build configuration list for PBXNativeTarget "TimerApp Watch App" */;
			buildPhases = (
				FC3A79582CCF7DDA00B66608 /* Sources */,
				FC3A79592CCF7DDA00B66608 /* Frameworks */,
				FC3A795A2CCF7DDA00B66608 /* Resources */,
			);
			buildRules = (
			);
			dependencies = (
			);
			fileSystemSynchronizedGroups = (
				FC3A79602CCF7DDA00B66608 /* TimerApp Watch App */,
			);
			name = "TimerApp Watch App";
			packageProductDependencies = (
			);
			productName = "TimerApp Watch App";
			productReference = FC3A795C2CCF7DDA00B66608 /* TimerApp Watch App.app */;
			productType = "com.apple.product-type.application";
		};
		FC3A796D2CCF7DDB00B66608 /* TimerApp Watch AppTests */ = {
			isa = PBXNativeTarget;
			buildConfigurationList = FC3A79892CCF7DDB00B66608 /* Build configuration list for PBXNativeTarget "TimerApp Watch AppTests" */;
			buildPhases = (
				FC3A796A2CCF7DDB00B66608 /* Sources */,
				FC3A796B2CCF7DDB00B66608 /* Frameworks */,
				FC3A796C2CCF7DDB00B66608 /* Resources */,
			);
			buildRules = (
			);
			dependencies = (
				FC3A79702CCF7DDB00B66608 /* PBXTargetDependency */,
			);
			fileSystemSynchronizedGroups = (
				FC3A79712CCF7DDB00B66608 /* TimerApp Watch AppTests */,
			);
			name = "TimerApp Watch AppTests";
			packageProductDependencies = (
			);
			productName = "TimerApp Watch AppTests";
			productReference = FC3A796E2CCF7DDB00B66608 /* TimerApp Watch AppTests.xctest */;
			productType = "com.apple.product-type.bundle.unit-test";
		};
		FC3A79772CCF7DDB00B66608 /* TimerApp Watch AppUITests */ = {
			isa = PBXNativeTarget;
			buildConfigurationList = FC3A798C2CCF7DDB00B66608 /* Build configuration list for PBXNativeTarget "TimerApp Watch AppUITests" */;
			buildPhases = (
				FC3A79742CCF7DDB00B66608 /* Sources */,
				FC3A79752CCF7DDB00B66608 /* Frameworks */,
				FC3A79762CCF7DDB00B66608 /* Resources */,
			);
			buildRules = (
			);
			dependencies = (
				FC3A797A2CCF7DDB00B66608 /* PBXTargetDependency */,
			);
			fileSystemSynchronizedGroups = (
				FC3A797B2CCF7DDB00B66608 /* TimerApp Watch AppUITests */,
			);
			name = "TimerApp Watch AppUITests";
			packageProductDependencies = (
			);
			productName = "TimerApp Watch AppUITests";
			productReference = FC3A79782CCF7DDB00B66608 /* TimerApp Watch AppUITests.xctest */;
			productType = "com.apple.product-type.bundle.ui-testing";
		};
/* End PBXNativeTarget section */

/* Begin PBXProject section */
		FC3A79502CCF7DDA00B66608 /* Project object */ = {
			isa = PBXProject;
			attributes = {
				BuildIndependentTargetsInParallel = 1;
				LastSwiftUpdateCheck = 1600;
				LastUpgradeCheck = 1610;
				TargetAttributes = {
					FC3A79552CCF7DDA00B66608 = {
						CreatedOnToolsVersion = 16.0;
					};
					FC3A795B2CCF7DDA00B66608 = {
						CreatedOnToolsVersion = 16.0;
					};
					FC3A796D2CCF7DDB00B66608 = {
						CreatedOnToolsVersion = 16.0;
						TestTargetID = FC3A795B2CCF7DDA00B66608;
					};
					FC3A79772CCF7DDB00B66608 = {
						CreatedOnToolsVersion = 16.0;
						TestTargetID = FC3A795B2CCF7DDA00B66608;
					};
				};
			};
			buildConfigurationList = FC3A79532CCF7DDA00B66608 /* Build configuration list for PBXProject "TimerApp" */;
			developmentRegion = en;
			hasScannedForEncodings = 0;
			knownRegions = (
				en,
				Base,
			);
			mainGroup = FC3A794F2CCF7DDA00B66608;
			minimizedProjectReferenceProxies = 1;
			preferredProjectObjectVersion = 77;
			productRefGroup = FC3A79572CCF7DDA00B66608 /* Products */;
			projectDirPath = "";
			projectRoot = "";
			targets = (
				FC3A79552CCF7DDA00B66608 /* TimerApp */,
				FC3A795B2CCF7DDA00B66608 /* TimerApp Watch App */,
				FC3A796D2CCF7DDB00B66608 /* TimerApp Watch AppTests */,
				FC3A79772CCF7DDB00B66608 /* TimerApp Watch AppUITests */,
			);
		};
/* End PBXProject section */

/* Begin PBXResourcesBuildPhase section */
		FC3A79542CCF7DDA00B66608 /* Resources */ = {
			isa = PBXResourcesBuildPhase;
			buildActionMask = 2147483647;
			files = (
			);
			runOnlyForDeploymentPostprocessing = 0;
		};
		FC3A795A2CCF7DDA00B66608 /* Resources */ = {
			isa = PBXResourcesBuildPhase;
			buildActionMask = 2147483647;
			files = (
			);
			runOnlyForDeploymentPostprocessing = 0;
		};
		FC3A796C2CCF7DDB00B66608 /* Resources */ = {
			isa = PBXResourcesBuildPhase;
			buildActionMask = 2147483647;
			files = (
			);
			runOnlyForDeploymentPostprocessing = 0;
		};
		FC3A79762CCF7DDB00B66608 /* Resources */ = {
			isa = PBXResourcesBuildPhase;
			buildActionMask = 2147483647;
			files = (
			);
			runOnlyForDeploymentPostprocessing = 0;
		};
/* End PBXResourcesBuildPhase section */

/* Begin PBXSourcesBuildPhase section */
		FC3A79582CCF7DDA00B66608 /* Sources */ = {
			isa = PBXSourcesBuildPhase;
			buildActionMask = 2147483647;
			files = (
			);
			runOnlyForDeploymentPostprocessing = 0;
		};
		FC3A796A2CCF7DDB00B66608 /* Sources */ = {
			isa = PBXSourcesBuildPhase;
			buildActionMask = 2147483647;
			files = (
			);
			runOnlyForDeploymentPostprocessing = 0;
		};
		FC3A79742CCF7DDB00B66608 /* Sources */ = {
			isa = PBXSourcesBuildPhase;
			buildActionMask = 2147483647;
			files = (
			);
			runOnlyForDeploymentPostprocessing = 0;
		};
/* End PBXSourcesBuildPhase section */

/* Begin PBXTargetDependency section */
		FC3A795F2CCF7DDA00B66608 /* PBXTargetDependency */ = {
			isa = PBXTargetDependency;
			target = FC3A795B2CCF7DDA00B66608 /* TimerApp Watch App */;
			targetProxy = FC3A795E2CCF7DDA00B66608 /* PBXContainerItemProxy */;
		};
		FC3A79702CCF7DDB00B66608 /* PBXTargetDependency */ = {
			isa = PBXTargetDependency;
			target = FC3A795B2CCF7DDA00B66608 /* TimerApp Watch App */;
			targetProxy = FC3A796F2CCF7DDB00B66608 /* PBXContainerItemProxy */;
		};
		FC3A797A2CCF7DDB00B66608 /* PBXTargetDependency */ = {
			isa = PBXTargetDependency;
			target = FC3A795B2CCF7DDA00B66608 /* TimerApp Watch App */;
			targetProxy = FC3A79792CCF7DDB00B66608 /* PBXContainerItemProxy */;
		};
/* End PBXTargetDependency section */

/* Begin XCBuildConfiguration section */
		FC3A79802CCF7DDB00B66608 /* Debug */ = {
			isa = XCBuildConfiguration;
			buildSettings = {
				ALWAYS_SEARCH_USER_PATHS = NO;
				ASSETCATALOG_COMPILER_GENERATE_SWIFT_ASSET_SYMBOL_EXTENSIONS = YES;
				CLANG_ANALYZER_NONNULL = YES;
				CLANG_ANALYZER_NUMBER_OBJECT_CONVERSION = YES_AGGRESSIVE;
				CLANG_CXX_LANGUAGE_STANDARD = "gnu++20";
				CLANG_ENABLE_MODULES = YES;
				CLANG_ENABLE_OBJC_ARC = YES;
				CLANG_ENABLE_OBJC_WEAK = YES;
				CLANG_WARN_BLOCK_CAPTURE_AUTORELEASING = YES;
				CLANG_WARN_BOOL_CONVERSION = YES;
				CLANG_WARN_COMMA = YES;
				CLANG_WARN_CONSTANT_CONVERSION = YES;
				CLANG_WARN_DEPRECATED_OBJC_IMPLEMENTATIONS = YES;
				CLANG_WARN_DIRECT_OBJC_ISA_USAGE = YES_ERROR;
				CLANG_WARN_DOCUMENTATION_COMMENTS = YES;
				CLANG_WARN_EMPTY_BODY = YES;
				CLANG_WARN_ENUM_CONVERSION = YES;
				CLANG_WARN_INFINITE_RECURSION = YES;
				CLANG_WARN_INT_CONVERSION = YES;
				CLANG_WARN_NON_LITERAL_NULL_CONVERSION = YES;
				CLANG_WARN_OBJC_IMPLICIT_RETAIN_SELF = YES;
				CLANG_WARN_OBJC_LITERAL_CONVERSION = YES;
				CLANG_WARN_OBJC_ROOT_CLASS = YES_ERROR;
				CLANG_WARN_QUOTED_INCLUDE_IN_FRAMEWORK_HEADER = YES;
				CLANG_WARN_RANGE_LOOP_ANALYSIS = YES;
				CLANG_WARN_STRICT_PROTOTYPES = YES;
				CLANG_WARN_SUSPICIOUS_MOVE = YES;
				CLANG_WARN_UNGUARDED_AVAILABILITY = YES_AGGRESSIVE;
				CLANG_WARN_UNREACHABLE_CODE = YES;
				CLANG_WARN__DUPLICATE_METHOD_MATCH = YES;
				COPY_PHASE_STRIP = NO;
				DEAD_CODE_STRIPPING = YES;
				DEBUG_INFORMATION_FORMAT = dwarf;
				ENABLE_STRICT_OBJC_MSGSEND = YES;
				ENABLE_TESTABILITY = YES;
				ENABLE_USER_SCRIPT_SANDBOXING = YES;
				GCC_C_LANGUAGE_STANDARD = gnu17;
				GCC_DYNAMIC_NO_PIC = NO;
				GCC_NO_COMMON_BLOCKS = YES;
				GCC_OPTIMIZATION_LEVEL = 0;
				GCC_PREPROCESSOR_DEFINITIONS = (
					"DEBUG=1",
					"$(inherited)",
				);
				GCC_WARN_64_TO_32_BIT_CONVERSION = YES;
				GCC_WARN_ABOUT_RETURN_TYPE = YES_ERROR;
				GCC_WARN_UNDECLARED_SELECTOR = YES;
				GCC_WARN_UNINITIALIZED_AUTOS = YES_AGGRESSIVE;
				GCC_WARN_UNUSED_FUNCTION = YES;
				GCC_WARN_UNUSED_VARIABLE = YES;
				LOCALIZATION_PREFERS_STRING_CATALOGS = YES;
				MTL_ENABLE_DEBUG_INFO = INCLUDE_SOURCE;
				MTL_FAST_MATH = YES;
				ONLY_ACTIVE_ARCH = YES;
				SWIFT_ACTIVE_COMPILATION_CONDITIONS = "DEBUG $(inherited)";
				SWIFT_OPTIMIZATION_LEVEL = "-Onone";
			};
			name = Debug;
		};
		FC3A79812CCF7DDB00B66608 /* Release */ = {
			isa = XCBuildConfiguration;
			buildSettings = {
				ALWAYS_SEARCH_USER_PATHS = NO;
				ASSETCATALOG_COMPILER_GENERATE_SWIFT_ASSET_SYMBOL_EXTENSIONS = YES;
				CLANG_ANALYZER_NONNULL = YES;
				CLANG_ANALYZER_NUMBER_OBJECT_CONVERSION = YES_AGGRESSIVE;
				CLANG_CXX_LANGUAGE_STANDARD = "gnu++20";
				CLANG_ENABLE_MODULES = YES;
				CLANG_ENABLE_OBJC_ARC = YES;
				CLANG_ENABLE_OBJC_WEAK = YES;
				CLANG_WARN_BLOCK_CAPTURE_AUTORELEASING = YES;
				CLANG_WARN_BOOL_CONVERSION = YES;
				CLANG_WARN_COMMA = YES;
				CLANG_WARN_CONSTANT_CONVERSION = YES;
				CLANG_WARN_DEPRECATED_OBJC_IMPLEMENTATIONS = YES;
				CLANG_WARN_DIRECT_OBJC_ISA_USAGE = YES_ERROR;
				CLANG_WARN_DOCUMENTATION_COMMENTS = YES;
				CLANG_WARN_EMPTY_BODY = YES;
				CLANG_WARN_ENUM_CONVERSION = YES;
				CLANG_WARN_INFINITE_RECURSION = YES;
				CLANG_WARN_INT_CONVERSION = YES;
				CLANG_WARN_NON_LITERAL_NULL_CONVERSION = YES;
				CLANG_WARN_OBJC_IMPLICIT_RETAIN_SELF = YES;
				CLANG_WARN_OBJC_LITERAL_CONVERSION = YES;
				CLANG_WARN_OBJC_ROOT_CLASS = YES_ERROR;
				CLANG_WARN_QUOTED_INCLUDE_IN_FRAMEWORK_HEADER = YES;
				CLANG_WARN_RANGE_LOOP_ANALYSIS = YES;
				CLANG_WARN_STRICT_PROTOTYPES = YES;
				CLANG_WARN_SUSPICIOUS_MOVE = YES;
				CLANG_WARN_UNGUARDED_AVAILABILITY = YES_AGGRESSIVE;
				CLANG_WARN_UNREACHABLE_CODE = YES;
				CLANG_WARN__DUPLICATE_METHOD_MATCH = YES;
				COPY_PHASE_STRIP = NO;
				DEAD_CODE_STRIPPING = YES;
				DEBUG_INFORMATION_FORMAT = "dwarf-with-dsym";
				ENABLE_NS_ASSERTIONS = NO;
				ENABLE_STRICT_OBJC_MSGSEND = YES;
				ENABLE_USER_SCRIPT_SANDBOXING = YES;
				GCC_C_LANGUAGE_STANDARD = gnu17;
				GCC_NO_COMMON_BLOCKS = YES;
				GCC_WARN_64_TO_32_BIT_CONVERSION = YES;
				GCC_WARN_ABOUT_RETURN_TYPE = YES_ERROR;
				GCC_WARN_UNDECLARED_SELECTOR = YES;
				GCC_WARN_UNINITIALIZED_AUTOS = YES_AGGRESSIVE;
				GCC_WARN_UNUSED_FUNCTION = YES;
				GCC_WARN_UNUSED_VARIABLE = YES;
				LOCALIZATION_PREFERS_STRING_CATALOGS = YES;
				MTL_ENABLE_DEBUG_INFO = NO;
				MTL_FAST_MATH = YES;
				SWIFT_COMPILATION_MODE = wholemodule;
			};
			name = Release;
		};
		FC3A79832CCF7DDB00B66608 /* Debug */ = {
			isa = XCBuildConfiguration;
			buildSettings = {
				ASSETCATALOG_COMPILER_APPICON_NAME = AppIcon;
				ASSETCATALOG_COMPILER_GLOBAL_ACCENT_COLOR_NAME = AccentColor;
				CODE_SIGN_STYLE = Automatic;
				CURRENT_PROJECT_VERSION = 1;
				DEVELOPMENT_ASSET_PATHS = "\"TimerApp Watch App/Preview Content\"";
				DEVELOPMENT_TEAM = 7MY272KL8H;
				ENABLE_PREVIEWS = YES;
				GENERATE_INFOPLIST_FILE = YES;
				INFOPLIST_KEY_CFBundleDisplayName = TimerApp;
				INFOPLIST_KEY_UISupportedInterfaceOrientations = "UIInterfaceOrientationPortrait UIInterfaceOrientationPortraitUpsideDown";
				INFOPLIST_KEY_WKWatchOnly = YES;
				LD_RUNPATH_SEARCH_PATHS = (
					"$(inherited)",
					"@executable_path/Frameworks",
				);
				MARKETING_VERSION = 1.0;
				PRODUCT_BUNDLE_IDENTIFIER = ucla.TimerApp.watchkitapp;
				PRODUCT_NAME = "$(TARGET_NAME)";
				SDKROOT = watchos;
				SKIP_INSTALL = YES;
				SWIFT_EMIT_LOC_STRINGS = YES;
				SWIFT_VERSION = 5.0;
				TARGETED_DEVICE_FAMILY = 4;
				WATCHOS_DEPLOYMENT_TARGET = 11.0;
			};
			name = Debug;
		};
		FC3A79842CCF7DDB00B66608 /* Release */ = {
			isa = XCBuildConfiguration;
			buildSettings = {
				ASSETCATALOG_COMPILER_APPICON_NAME = AppIcon;
				ASSETCATALOG_COMPILER_GLOBAL_ACCENT_COLOR_NAME = AccentColor;
				CODE_SIGN_STYLE = Automatic;
				CURRENT_PROJECT_VERSION = 1;
				DEVELOPMENT_ASSET_PATHS = "\"TimerApp Watch App/Preview Content\"";
				DEVELOPMENT_TEAM = 7MY272KL8H;
				ENABLE_PREVIEWS = YES;
				GENERATE_INFOPLIST_FILE = YES;
				INFOPLIST_KEY_CFBundleDisplayName = TimerApp;
				INFOPLIST_KEY_UISupportedInterfaceOrientations = "UIInterfaceOrientationPortrait UIInterfaceOrientationPortraitUpsideDown";
				INFOPLIST_KEY_WKWatchOnly = YES;
				LD_RUNPATH_SEARCH_PATHS = (
					"$(inherited)",
					"@executable_path/Frameworks",
				);
				MARKETING_VERSION = 1.0;
				PRODUCT_BUNDLE_IDENTIFIER = ucla.TimerApp.watchkitapp;
				PRODUCT_NAME = "$(TARGET_NAME)";
				SDKROOT = watchos;
				SKIP_INSTALL = YES;
				SWIFT_EMIT_LOC_STRINGS = YES;
				SWIFT_VERSION = 5.0;
				TARGETED_DEVICE_FAMILY = 4;
				VALIDATE_PRODUCT = YES;
				WATCHOS_DEPLOYMENT_TARGET = 11.0;
			};
			name = Release;
		};
		FC3A79872CCF7DDB00B66608 /* Debug */ = {
			isa = XCBuildConfiguration;
			buildSettings = {
				CODE_SIGN_IDENTITY = "Apple Development";
				CODE_SIGN_STYLE = Automatic;
				CURRENT_PROJECT_VERSION = 1;
				DEVELOPMENT_TEAM = 7MY272KL8H;
				INFOPLIST_KEY_CFBundleDisplayName = TimerApp;
				MARKETING_VERSION = 1.0;
				PRODUCT_BUNDLE_IDENTIFIER = ucla.TimerApp;
				PRODUCT_NAME = "$(TARGET_NAME)";
				PROVISIONING_PROFILE_SPECIFIER = "";
				SDKROOT = iphoneos;
				SWIFT_VERSION = 5.0;
			};
			name = Debug;
		};
		FC3A79882CCF7DDB00B66608 /* Release */ = {
			isa = XCBuildConfiguration;
			buildSettings = {
				CODE_SIGN_IDENTITY = "Apple Development";
				CODE_SIGN_STYLE = Automatic;
				CURRENT_PROJECT_VERSION = 1;
				DEVELOPMENT_TEAM = 7MY272KL8H;
				INFOPLIST_KEY_CFBundleDisplayName = TimerApp;
				MARKETING_VERSION = 1.0;
				PRODUCT_BUNDLE_IDENTIFIER = ucla.TimerApp;
				PRODUCT_NAME = "$(TARGET_NAME)";
				PROVISIONING_PROFILE_SPECIFIER = "";
				SDKROOT = iphoneos;
				SWIFT_VERSION = 5.0;
				VALIDATE_PRODUCT = YES;
			};
			name = Release;
		};
		FC3A798A2CCF7DDB00B66608 /* Debug */ = {
			isa = XCBuildConfiguration;
			buildSettings = {
				BUNDLE_LOADER = "$(TEST_HOST)";
				CODE_SIGN_STYLE = Automatic;
				CURRENT_PROJECT_VERSION = 1;
				DEVELOPMENT_TEAM = 7MY272KL8H;
				GENERATE_INFOPLIST_FILE = YES;
				MARKETING_VERSION = 1.0;
				PRODUCT_BUNDLE_IDENTIFIER = "ucla.TimerApp-Watch-AppTests";
				PRODUCT_NAME = "$(TARGET_NAME)";
				SDKROOT = watchos;
				SWIFT_EMIT_LOC_STRINGS = NO;
				SWIFT_VERSION = 5.0;
				TARGETED_DEVICE_FAMILY = 4;
				TEST_HOST = "$(BUILT_PRODUCTS_DIR)/TimerApp Watch App.app/$(BUNDLE_EXECUTABLE_FOLDER_PATH)/TimerApp Watch App";
				WATCHOS_DEPLOYMENT_TARGET = 11.0;
			};
			name = Debug;
		};
		FC3A798B2CCF7DDB00B66608 /* Release */ = {
			isa = XCBuildConfiguration;
			buildSettings = {
				BUNDLE_LOADER = "$(TEST_HOST)";
				CODE_SIGN_STYLE = Automatic;
				CURRENT_PROJECT_VERSION = 1;
				DEVELOPMENT_TEAM = 7MY272KL8H;
				GENERATE_INFOPLIST_FILE = YES;
				MARKETING_VERSION = 1.0;
				PRODUCT_BUNDLE_IDENTIFIER = "ucla.TimerApp-Watch-AppTests";
				PRODUCT_NAME = "$(TARGET_NAME)";
				SDKROOT = watchos;
				SWIFT_EMIT_LOC_STRINGS = NO;
				SWIFT_VERSION = 5.0;
				TARGETED_DEVICE_FAMILY = 4;
				TEST_HOST = "$(BUILT_PRODUCTS_DIR)/TimerApp Watch App.app/$(BUNDLE_EXECUTABLE_FOLDER_PATH)/TimerApp Watch App";
				VALIDATE_PRODUCT = YES;
				WATCHOS_DEPLOYMENT_TARGET = 11.0;
			};
			name = Release;
		};
		FC3A798D2CCF7DDB00B66608 /* Debug */ = {
			isa = XCBuildConfiguration;
			buildSettings = {
				CODE_SIGN_STYLE = Automatic;
				CURRENT_PROJECT_VERSION = 1;
				DEVELOPMENT_TEAM = 7MY272KL8H;
				GENERATE_INFOPLIST_FILE = YES;
				MARKETING_VERSION = 1.0;
				PRODUCT_BUNDLE_IDENTIFIER = "ucla.TimerApp-Watch-AppUITests";
				PRODUCT_NAME = "$(TARGET_NAME)";
				SDKROOT = watchos;
				SWIFT_EMIT_LOC_STRINGS = NO;
				SWIFT_VERSION = 5.0;
				TARGETED_DEVICE_FAMILY = 4;
				TEST_TARGET_NAME = "TimerApp Watch App";
				WATCHOS_DEPLOYMENT_TARGET = 11.0;
			};
			name = Debug;
		};
		FC3A798E2CCF7DDB00B66608 /* Release */ = {
			isa = XCBuildConfiguration;
			buildSettings = {
				CODE_SIGN_STYLE = Automatic;
				CURRENT_PROJECT_VERSION = 1;
				DEVELOPMENT_TEAM = 7MY272KL8H;
				GENERATE_INFOPLIST_FILE = YES;
				MARKETING_VERSION = 1.0;
				PRODUCT_BUNDLE_IDENTIFIER = "ucla.TimerApp-Watch-AppUITests";
				PRODUCT_NAME = "$(TARGET_NAME)";
				SDKROOT = watchos;
				SWIFT_EMIT_LOC_STRINGS = NO;
				SWIFT_VERSION = 5.0;
				TARGETED_DEVICE_FAMILY = 4;
				TEST_TARGET_NAME = "TimerApp Watch App";
				VALIDATE_PRODUCT = YES;
				WATCHOS_DEPLOYMENT_TARGET = 11.0;
			};
			name = Release;
		};
/* End XCBuildConfiguration section */

/* Begin XCConfigurationList section */
		FC3A79532CCF7DDA00B66608 /* Build configuration list for PBXProject "TimerApp" */ = {
			isa = XCConfigurationList;
			buildConfigurations = (
				FC3A79802CCF7DDB00B66608 /* Debug */,
				FC3A79812CCF7DDB00B66608 /* Release */,
			);
			defaultConfigurationIsVisible = 0;
			defaultConfigurationName = Release;
		};
		FC3A79822CCF7DDB00B66608 /* Build configuration list for PBXNativeTarget "TimerApp Watch App" */ = {
			isa = XCConfigurationList;
			buildConfigurations = (
				FC3A79832CCF7DDB00B66608 /* Debug */,
				FC3A79842CCF7DDB00B66608 /* Release */,
			);
			defaultConfigurationIsVisible = 0;
			defaultConfigurationName = Release;
		};
		FC3A79862CCF7DDB00B66608 /* Build configuration list for PBXNativeTarget "TimerApp" */ = {
			isa = XCConfigurationList;
			buildConfigurations = (
				FC3A79872CCF7DDB00B66608 /* Debug */,
				FC3A79882CCF7DDB00B66608 /* Release */,
			);
			defaultConfigurationIsVisible = 0;
			defaultConfigurationName = Release;
		};
		FC3A79892CCF7DDB00B66608 /* Build configuration list for PBXNativeTarget "TimerApp Watch AppTests" */ = {
			isa = XCConfigurationList;
			buildConfigurations = (
				FC3A798A2CCF7DDB00B66608 /* Debug */,
				FC3A798B2CCF7DDB00B66608 /* Release */,
			);
			defaultConfigurationIsVisible = 0;
			defaultConfigurationName = Release;
		};
		FC3A798C2CCF7DDB00B66608 /* Build configuration list for PBXNativeTarget "TimerApp Watch AppUITests" */ = {
			isa = XCConfigurationList;
			buildConfigurations = (
				FC3A798D2CCF7DDB00B66608 /* Debug */,
				FC3A798E2CCF7DDB00B66608 /* Release */,
			);
			defaultConfigurationIsVisible = 0;
			defaultConfigurationName = Release;
		};
/* End XCConfigurationList section */
	};
	rootObject = FC3A79502CCF7DDA00B66608 /* Project object */;
}
